Microsoft Visual Studio Solution File, Format Version 12.00
# Visual Studio Version 17
VisualStudioVersion = 17.5.2.0
MinimumVisualStudioVersion = 10.0.40219.1
Project("{FAE04EC0-301F-11D3-BF4B-00C04F79EFBC}") = "LimitsEditor", "LimitsEditor.csproj", "{F1A2A68D-5906-4736-B112-D04C7F72FEC1}"
EndProject
Global
	GlobalSection(SolutionConfigurationPlatforms) = preSolution
		Debug|Any CPU = Debug|Any CPU
		Release|Any CPU = Release|Any CPU
	EndGlobalSection
	GlobalSection(ProjectConfigurationPlatforms) = postSolution
		{F1A2A68D-5906-4736-B112-D04C7F72FEC1}.Debug|Any CPU.ActiveCfg = Debug|Any CPU
		{F1A2A68D-5906-4736-B112-D04C7F72FEC1}.Debug|Any CPU.Build.0 = Debug|Any CPU
		{F1A2A68D-5906-4736-B112-D04C7F72FEC1}.Release|Any CPU.ActiveCfg = Release|Any CPU
		{F1A2A68D-5906-4736-B112-D04C7F72FEC1}.Release|Any CPU.Build.0 = Release|Any CPU
	EndGlobalSection
	GlobalSection(SolutionProperties) = preSolution
		HideSolutionNode = FALSE
	EndGlobalSection
	GlobalSection(ExtensibilityGlobals) = postSolution
		SolutionGuid = {3AFE70C8-7FB3-451A-94F3-E4D8982F0EEE}
	EndGlobalSection
EndGlobal
